{
  "lockfileVersion": 1,
  "configVersion": 0,
  "workspaces": {
    "": {
      "name": "le-truc",
      "dependencies": {
        "@zeix/cause-effect": "^1.3.2",
      },
      "devDependencies": {
        "@biomejs/biome": "2.4.14",
        "@custom-elements-manifest/analyzer": "^0.11.0",
        "@markdoc/markdoc": "^0.5.7",
        "@playwright/test": "^1.59.1",
        "@types/bun": "^1.3.13",
        "@types/culori": "^4.0.1",
        "@types/node": "^25.6.0",
        "culori": "^4.0.2",
        "lightningcss-cli": "^1.32.0",
        "shiki": "^4.0.2",
        "typedoc": "^0.28.19",
        "typedoc-plugin-markdown": "^4.11.0",
      },
      "peerDependencies": {
        "typescript": "^6.0.2",
      },
    },
  },
  "packages": {
    "@biomejs/biome": ["@biomejs/biome@2.4.14", "", { "optionalDependencies": { "@biomejs/cli-darwin-arm64": "2.4.14", "@biomejs/cli-darwin-x64": "2.4.14", "@biomejs/cli-linux-arm64": "2.4.14", "@biomejs/cli-linux-arm64-musl": "2.4.14", "@biomejs/cli-linux-x64": "2.4.14", "@biomejs/cli-linux-x64-musl": "2.4.14", "@biomejs/cli-win32-arm64": "2.4.14", "@biomejs/cli-win32-x64": "2.4.14" }, "bin": { "biome": "bin/biome" } }, "sha512-TmAvxOEgrpLypzVGJ8FulIZnlyA9TxrO1hyqYrCz9r+bwma9xXxuLA5IuYnj55XQneFx460KjRbx6SWGLkg3bQ=="],

    "@biomejs/cli-darwin-arm64": ["@biomejs/cli-darwin-arm64@2.4.14", "", { "os": "darwin", "cpu": "arm64" }, "sha512-XvgoE9XOawUOQPdmvs4J7wPhi/DLwSCGks3AlPJDmh34O0awRTqCED1HRcRDdpf1Zrp4us4MGOOdIxNpbqNF5Q=="],

    "@biomejs/cli-darwin-x64": ["@biomejs/cli-darwin-x64@2.4.14", "", { "os": "darwin", "cpu": "x64" }, "sha512-jE7hKBCFhOx3uUh+ZkWBfOHxAcILPfhFplNkuID/eZeSTLHzfZzoZxW8fbqY9xXRnPi7jGNAf1iPVR+0yWsM/Q=="],

    "@biomejs/cli-linux-arm64": ["@biomejs/cli-linux-arm64@2.4.14", "", { "os": "linux", "cpu": "arm64" }, "sha512-2TELhZnW5RSLL063l9rc5xLpA0ZIw0Ccwy/0q384rvNAgFw3yI76bd59547yxowdQr5MNPET/xDLrLuvgSeeWQ=="],

    "@biomejs/cli-linux-arm64-musl": ["@biomejs/cli-linux-arm64-musl@2.4.14", "", { "os": "linux", "cpu": "arm64" }, "sha512-/z+6gqAqqUQTHazwStxSXKHg9b8UvqBmDFRp+c4wYbq2KXhELQDon9EoC9RpmQ8JWkqQx/lIUy/cs+MhzDZp6A=="],

    "@biomejs/cli-linux-x64": ["@biomejs/cli-linux-x64@2.4.14", "", { "os": "linux", "cpu": "x64" }, "sha512-zHrlQZDBDUz4OLAraYpWKcnLS6HOewBFWYOzY91d1ZjdqZwibOyb6BEu6WuWLugyo0P3riCmsbV9UqV1cSXwQg=="],

    "@biomejs/cli-linux-x64-musl": ["@biomejs/cli-linux-x64-musl@2.4.14", "", { "os": "linux", "cpu": "x64" }, "sha512-R6BWgJdQOwW9ulJatuTVrQkjnODjqHZkKNOqb1sz++3Noe5LYd0i3PchnOBUCYAPHoPWHhjJqbdZlHEu0hpjdA=="],

    "@biomejs/cli-win32-arm64": ["@biomejs/cli-win32-arm64@2.4.14", "", { "os": "win32", "cpu": "arm64" }, "sha512-M3EH5hqOI/F/FUA2u4xcLoUgmxd218mvuj/6JL7Hv2toQvr2/AdOvKSpGkoRuWFCtQPVa+ZqkEV3Q5xBA9+XSA=="],

    "@biomejs/cli-win32-x64": ["@biomejs/cli-win32-x64@2.4.14", "", { "os": "win32", "cpu": "x64" }, "sha512-WL0EG5qE+EAKomGXbf2g6VnSKJhTL3tXC0QRzWRwA5VpjxNYa6H4P7ZWfymbGE4IhZZQi1KXQ2R0YjwInmz2fA=="],

    "@custom-elements-manifest/analyzer": ["@custom-elements-manifest/analyzer@0.11.0", "", { "dependencies": { "@custom-elements-manifest/find-dependencies": "^0.0.7", "@github/catalyst": "^1.6.0", "@web/config-loader": "0.1.3", "chokidar": "3.5.2", "command-line-args": "5.1.2", "comment-parser": "1.2.4", "custom-elements-manifest": "1.0.0", "debounce": "1.2.1", "globby": "11.0.4", "typescript": "~5.4.2" }, "bin": { "custom-elements-manifest": "cem.js", "cem": "cem.js" } }, "sha512-F2jQFk6igV5vrTZYDBLVr0GDQF3cTJ2VwwzPdsmkzUE+SHiYAQNKYebIq8qphZdJeTcZtVhvw336FQVZsMqh4A=="],

    "@custom-elements-manifest/find-dependencies": ["@custom-elements-manifest/find-dependencies@0.0.7", "", { "dependencies": { "oxc-resolver": "^11.9.0", "rs-module-lexer": "^2.5.1" } }, "sha512-icHEBPHcOXSrpDOFkQhvM7vljEbqrEReW251RBxSzDctXzYWIL0Hk2yMDINn3d6mZ4KSsqLZlaFiGFp/2nn9rA=="],

    "@emnapi/core": ["@emnapi/core@1.10.0", "", { "dependencies": { "@emnapi/wasi-threads": "1.2.1", "tslib": "^2.4.0" } }, "sha512-yq6OkJ4p82CAfPl0u9mQebQHKPJkY7WrIuk205cTYnYe+k2Z8YBh11FrbRG/H6ihirqcacOgl2BIO8oyMQLeXw=="],

    "@emnapi/runtime": ["@emnapi/runtime@1.10.0", "", { "dependencies": { "tslib": "^2.4.0" } }, "sha512-ewvYlk86xUoGI0zQRNq/mC+16R1QeDlKQy21Ki3oSYXNgLb45GV1P6A0M+/s6nyCuNDqe5VpaY84BzXGwVbwFA=="],

    "@emnapi/wasi-threads": ["@emnapi/wasi-threads@1.2.1", "", { "dependencies": { "tslib": "^2.4.0" } }, "sha512-uTII7OYF+/Mes/MrcIOYp5yOtSMLBWSIoLPpcgwipoiKbli6k322tcoFsxoIIxPDqW01SQGAgko4EzZi2BNv2w=="],

    "@gerrit0/mini-shiki": ["@gerrit0/mini-shiki@3.23.0", "", { "dependencies": { "@shikijs/engine-oniguruma": "^3.23.0", "@shikijs/langs": "^3.23.0", "@shikijs/themes": "^3.23.0", "@shikijs/types": "^3.23.0", "@shikijs/vscode-textmate": "^10.0.2" } }, "sha512-bEMORlG0cqdjVyCEuU0cDQbORWX+kYCeo0kV1lbxF5bt4r7SID2l9bqsxJEM0zndaxpOUT7riCyIVEuqq/Ynxg=="],

    "@github/catalyst": ["@github/catalyst@1.8.1", "", {}, "sha512-dnN4WWpbeuQvA17LvsGdlXEueJdBk9y+I+WO5pdNpoHNOXPsFcz3hJrq1iRmdsNgQOf4S8e83axtwIxvG62eWA=="],

    "@markdoc/markdoc": ["@markdoc/markdoc@0.5.7", "", { "optionalDependencies": { "@types/linkify-it": "^3.0.1", "@types/markdown-it": "12.2.3" }, "peerDependencies": { "@types/react": "*", "react": "*" }, "optionalPeers": ["@types/react", "react"] }, "sha512-NxreNThm7foFgMMQD6zgk7rKkcFMmdC8J5r+Zn4FKoN75F5YjvwdihwF11VhrBfL3CXnD4+YG1VYwvBL+igzvw=="],

    "@napi-rs/wasm-runtime": ["@napi-rs/wasm-runtime@1.1.4", "", { "dependencies": { "@tybys/wasm-util": "^0.10.1" }, "peerDependencies": { "@emnapi/core": "^1.7.1", "@emnapi/runtime": "^1.7.1" } }, "sha512-3NQNNgA1YSlJb/kMH1ildASP9HW7/7kYnRI2szWJaofaS1hWmbGI4H+d3+22aGzXXN9IJ+n+GiFVcGipJP18ow=="],

    "@nodelib/fs.scandir": ["@nodelib/fs.scandir@2.1.5", "", { "dependencies": { "@nodelib/fs.stat": "2.0.5", "run-parallel": "^1.1.9" } }, "sha512-vq24Bq3ym5HEQm2NKCr3yXDwjc7vTsEThRDnkp2DK9p1uqLR+DHurm/NOTo0KG7HYHU7eppKZj3MyqYuMBf62g=="],

    "@nodelib/fs.stat": ["@nodelib/fs.stat@2.0.5", "", {}, "sha512-RkhPPp2zrqDAQA/2jNhnztcPAlv64XdhIp7a7454A5ovI7Bukxgt7MX7udwAu3zg1DcpPU0rz3VV1SeaqvY4+A=="],

    "@nodelib/fs.walk": ["@nodelib/fs.walk@1.2.8", "", { "dependencies": { "@nodelib/fs.scandir": "2.1.5", "fastq": "^1.6.0" } }, "sha512-oGB+UxlgWcgQkgwo8GcEGwemoTFt3FIO9ababBmaGwXIoBKZ+GTy0pP185beGg7Llih/NSHSV2XAs1lnznocSg=="],

    "@oxc-resolver/binding-android-arm-eabi": ["@oxc-resolver/binding-android-arm-eabi@11.19.1", "", { "os": "android", "cpu": "arm" }, "sha512-aUs47y+xyXHUKlbhqHUjBABjvycq6YSD7bpxSW7vplUmdzAlJ93yXY6ZR0c1o1x5A/QKbENCvs3+NlY8IpIVzg=="],

    "@oxc-resolver/binding-android-arm64": ["@oxc-resolver/binding-android-arm64@11.19.1", "", { "os": "android", "cpu": "arm64" }, "sha512-oolbkRX+m7Pq2LNjr/kKgYeC7bRDMVTWPgxBGMjSpZi/+UskVo4jsMU3MLheZV55jL6c3rNelPl4oD60ggYmqA=="],

    "@oxc-resolver/binding-darwin-arm64": ["@oxc-resolver/binding-darwin-arm64@11.19.1", "", { "os": "darwin", "cpu": "arm64" }, "sha512-nUC6d2i3R5B12sUW4O646qD5cnMXf2oBGPLIIeaRfU9doJRORAbE2SGv4eW6rMqhD+G7nf2Y8TTJTLiiO3Q/dQ=="],

    "@oxc-resolver/binding-darwin-x64": ["@oxc-resolver/binding-darwin-x64@11.19.1", "", { "os": "darwin", "cpu": "x64" }, "sha512-cV50vE5+uAgNcFa3QY1JOeKDSkM/9ReIcc/9wn4TavhW/itkDGrXhw9jaKnkQnGbjJ198Yh5nbX/Gr2mr4Z5jQ=="],

    "@oxc-resolver/binding-freebsd-x64": ["@oxc-resolver/binding-freebsd-x64@11.19.1", "", { "os": "freebsd", "cpu": "x64" }, "sha512-xZOQiYGFxtk48PBKff+Zwoym7ScPAIVp4c14lfLxizO2LTTTJe5sx9vQNGrBymrf/vatSPNMD4FgsaaRigPkqw=="],

    "@oxc-resolver/binding-linux-arm-gnueabihf": ["@oxc-resolver/binding-linux-arm-gnueabihf@11.19.1", "", { "os": "linux", "cpu": "arm" }, "sha512-lXZYWAC6kaGe/ky2su94e9jN9t6M0/6c+GrSlCqL//XO1cxi5lpAhnJYdyrKfm0ZEr/c7RNyAx3P7FSBcBd5+A=="],

    "@oxc-resolver/binding-linux-arm-musleabihf": ["@oxc-resolver/binding-linux-arm-musleabihf@11.19.1", "", { "os": "linux", "cpu": "arm" }, "sha512-veG1kKsuK5+t2IsO9q0DErYVSw2azvCVvWHnfTOS73WE0STdLLB7Q1bB9WR+yHPQM76ASkFyRbogWo1GR1+WbQ=="],

    "@oxc-resolver/binding-linux-arm64-gnu": ["@oxc-resolver/binding-linux-arm64-gnu@11.19.1", "", { "os": "linux", "cpu": "arm64" }, "sha512-heV2+jmXyYnUrpUXSPugqWDRpnsQcDm2AX4wzTuvgdlZfoNYO0O3W2AVpJYaDn9AG4JdM6Kxom8+foE7/BcSig=="],

    "@oxc-resolver/binding-linux-arm64-musl": ["@oxc-resolver/binding-linux-arm64-musl@11.19.1", "", { "os": "linux", "cpu": "arm64" }, "sha512-jvo2Pjs1c9KPxMuMPIeQsgu0mOJF9rEb3y3TdpsrqwxRM+AN6/nDDwv45n5ZrUnQMsdBy5gIabioMKnQfWo9ew=="],

    "@oxc-resolver/binding-linux-ppc64-gnu": ["@oxc-resolver/binding-linux-ppc64-gnu@11.19.1", "", { "os": "linux", "cpu": "ppc64" }, "sha512-vLmdNxWCdN7Uo5suays6A/+ywBby2PWBBPXctWPg5V0+eVuzsJxgAn6MMB4mPlshskYbppjpN2Zg83ArHze9gQ=="],

    "@oxc-resolver/binding-linux-riscv64-gnu": ["@oxc-resolver/binding-linux-riscv64-gnu@11.19.1", "", { "os": "linux", "cpu": "none" }, "sha512-/b+WgR+VTSBxzgOhDO7TlMXC1ufPIMR6Vj1zN+/x+MnyXGW7prTLzU9eW85Aj7Th7CCEG9ArCbTeqxCzFWdg2w=="],

    "@oxc-resolver/binding-linux-riscv64-musl": ["@oxc-resolver/binding-linux-riscv64-musl@11.19.1", "", { "os": "linux", "cpu": "none" }, "sha512-YlRdeWb9j42p29ROh+h4eg/OQ3dTJlpHSa+84pUM9+p6i3djtPz1q55yLJhgW9XfDch7FN1pQ/Vd6YP+xfRIuw=="],

    "@oxc-resolver/binding-linux-s390x-gnu": ["@oxc-resolver/binding-linux-s390x-gnu@11.19.1", "", { "os": "linux", "cpu": "s390x" }, "sha512-EDpafVOQWF8/MJynsjOGFThcqhRHy417sRyLfQmeiamJ8qVhSKAn2Dn2VVKUGCjVB9C46VGjhNo7nOPUi1x6uA=="],

    "@oxc-resolver/binding-linux-x64-gnu": ["@oxc-resolver/binding-linux-x64-gnu@11.19.1", "", { "os": "linux", "cpu": "x64" }, "sha512-NxjZe+rqWhr+RT8/Ik+5ptA3oz7tUw361Wa5RWQXKnfqwSSHdHyrw6IdcTfYuml9dM856AlKWZIUXDmA9kkiBQ=="],

    "@oxc-resolver/binding-linux-x64-musl": ["@oxc-resolver/binding-linux-x64-musl@11.19.1", "", { "os": "linux", "cpu": "x64" }, "sha512-cM/hQwsO3ReJg5kR+SpI69DMfvNCp+A/eVR4b4YClE5bVZwz8rh2Nh05InhwI5HR/9cArbEkzMjcKgTHS6UaNw=="],

    "@oxc-resolver/binding-openharmony-arm64": ["@oxc-resolver/binding-openharmony-arm64@11.19.1", "", { "os": "none", "cpu": "arm64" }, "sha512-QF080IowFB0+9Rh6RcD19bdgh49BpQHUW5TajG1qvWHvmrQznTZZjYlgE2ltLXyKY+qs4F/v5xuX1XS7Is+3qA=="],

    "@oxc-resolver/binding-wasm32-wasi": ["@oxc-resolver/binding-wasm32-wasi@11.19.1", "", { "dependencies": { "@napi-rs/wasm-runtime": "^1.1.1" }, "cpu": "none" }, "sha512-w8UCKhX826cP/ZLokXDS6+milN8y4X7zidsAttEdWlVoamTNf6lhBJldaWr3ukTDiye7s4HRcuPEPOXNC432Vg=="],

    "@oxc-resolver/binding-win32-arm64-msvc": ["@oxc-resolver/binding-win32-arm64-msvc@11.19.1", "", { "os": "win32", "cpu": "arm64" }, "sha512-nJ4AsUVZrVKwnU/QRdzPCCrO0TrabBqgJ8pJhXITdZGYOV28TIYystV1VFLbQ7DtAcaBHpocT5/ZJnF78YJPtQ=="],

    "@oxc-resolver/binding-win32-ia32-msvc": ["@oxc-resolver/binding-win32-ia32-msvc@11.19.1", "", { "os": "win32", "cpu": "ia32" }, "sha512-EW+ND5q2Tl+a3pH81l1QbfgbF3HmqgwLfDfVithRFheac8OTcnbXt/JxqD2GbDkb7xYEqy1zNaVFRr3oeG8npA=="],

    "@oxc-resolver/binding-win32-x64-msvc": ["@oxc-resolver/binding-win32-x64-msvc@11.19.1", "", { "os": "win32", "cpu": "x64" }, "sha512-6hIU3RQu45B+VNTY4Ru8ppFwjVS/S5qwYyGhBotmjxfEKk41I2DlGtRfGJndZ5+6lneE2pwloqunlOyZuX/XAw=="],

    "@playwright/test": ["@playwright/test@1.59.1", "", { "dependencies": { "playwright": "1.59.1" }, "bin": { "playwright": "cli.js" } }, "sha512-PG6q63nQg5c9rIi4/Z5lR5IVF7yU5MqmKaPOe0HSc0O2cX1fPi96sUQu5j7eo4gKCkB2AnNGoWt7y4/Xx3Kcqg=="],

    "@shikijs/core": ["@shikijs/core@4.0.2", "", { "dependencies": { "@shikijs/primitive": "4.0.2", "@shikijs/types": "4.0.2", "@shikijs/vscode-textmate": "^10.0.2", "@types/hast": "^3.0.4", "hast-util-to-html": "^9.0.5" } }, "sha512-hxT0YF4ExEqB8G/qFdtJvpmHXBYJ2lWW7qTHDarVkIudPFE6iCIrqdgWxGn5s+ppkGXI0aEGlibI0PAyzP3zlw=="],

    "@shikijs/engine-javascript": ["@shikijs/engine-javascript@4.0.2", "", { "dependencies": { "@shikijs/types": "4.0.2", "@shikijs/vscode-textmate": "^10.0.2", "oniguruma-to-es": "^4.3.4" } }, "sha512-7PW0Nm49DcoUIQEXlJhNNBHyoGMjalRETTCcjMqEaMoJRLljy1Bi/EGV3/qLBgLKQejdspiiYuHGQW6dX94Nag=="],

    "@shikijs/engine-oniguruma": ["@shikijs/engine-oniguruma@4.0.2", "", { "dependencies": { "@shikijs/types": "4.0.2", "@shikijs/vscode-textmate": "^10.0.2" } }, "sha512-UpCB9Y2sUKlS9z8juFSKz7ZtysmeXCgnRF0dlhXBkmQnek7lAToPte8DkxmEYGNTMii72zU/lyXiCB6StuZeJg=="],

    "@shikijs/langs": ["@shikijs/langs@4.0.2", "", { "dependencies": { "@shikijs/types": "4.0.2" } }, "sha512-KaXby5dvoeuZzN0rYQiPMjFoUrz4hgwIE+D6Du9owcHcl6/g16/yT5BQxSW5cGt2MZBz6Hl0YuRqf12omRfUUg=="],

    "@shikijs/primitive": ["@shikijs/primitive@4.0.2", "", { "dependencies": { "@shikijs/types": "4.0.2", "@shikijs/vscode-textmate": "^10.0.2", "@types/hast": "^3.0.4" } }, "sha512-M6UMPrSa3fN5ayeJwFVl9qWofl273wtK1VG8ySDZ1mQBfhCpdd8nEx7nPZ/tk7k+TYcpqBZzj/AnwxT9lO+HJw=="],

    "@shikijs/themes": ["@shikijs/themes@4.0.2", "", { "dependencies": { "@shikijs/types": "4.0.2" } }, "sha512-mjCafwt8lJJaVSsQvNVrJumbnnj1RI8jbUKrPKgE6E3OvQKxnuRoBaYC51H4IGHePsGN/QtALglWBU7DoKDFnA=="],

    "@shikijs/types": ["@shikijs/types@4.0.2", "", { "dependencies": { "@shikijs/vscode-textmate": "^10.0.2", "@types/hast": "^3.0.4" } }, "sha512-qzbeRooUTPnLE+sHD/Z8DStmaDgnbbc/pMrU203950aRqjX/6AFHeDYT+j00y2lPdz0ywJKx7o/7qnqTivtlXg=="],

    "@shikijs/vscode-textmate": ["@shikijs/vscode-textmate@10.0.2", "", {}, "sha512-83yeghZ2xxin3Nj8z1NMd/NCuca+gsYXswywDy5bHvwlWL8tpTQmzGeUuHd9FC3E/SBEMvzJRwWEOz5gGes9Qg=="],

    "@tybys/wasm-util": ["@tybys/wasm-util@0.10.2", "", { "dependencies": { "tslib": "^2.4.0" } }, "sha512-RoBvJ2X0wuKlWFIjrwffGw1IqZHKQqzIchKaadZZfnNpsAYp2mM0h36JtPCjNDAHGgYez/15uMBpfGwchhiMgg=="],

    "@types/bun": ["@types/bun@1.3.13", "", { "dependencies": { "bun-types": "1.3.13" } }, "sha512-9fqXWk5YIHGGnUau9TEi+qdlTYDAnOj+xLCmSTwXfAIqXr2x4tytJb43E9uCvt09zJURKXwAtkoH4nLQfzeTXw=="],

    "@types/culori": ["@types/culori@4.0.1", "", {}, "sha512-43M51r/22CjhbOXyGT361GZ9vncSVQ39u62x5eJdBQFviI8zWp2X5jzqg7k4M6PVgDQAClpy2bUe2dtwEgEDVQ=="],

    "@types/hast": ["@types/hast@3.0.4", "", { "dependencies": { "@types/unist": "*" } }, "sha512-WPs+bbQw5aCj+x6laNGWLH3wviHtoCv/P3+otBhbOhJgG8qtpdAMlTCxLtsTWA7LH1Oh/bFCHsBn0TPS5m30EQ=="],

    "@types/linkify-it": ["@types/linkify-it@3.0.5", "", {}, "sha512-yg6E+u0/+Zjva+buc3EIb+29XEg4wltq7cSmd4Uc2EE/1nUVmxyzpX6gUXD0V8jIrG0r7YeOGVIbYRkxeooCtw=="],

    "@types/markdown-it": ["@types/markdown-it@12.2.3", "", { "dependencies": { "@types/linkify-it": "*", "@types/mdurl": "*" } }, "sha512-GKMHFfv3458yYy+v/N8gjufHO6MSZKCOXpZc5GXIWWy8uldwfmPn98vp81gZ5f9SVw8YYBctgfJ22a2d7AOMeQ=="],

    "@types/mdast": ["@types/mdast@4.0.4", "", { "dependencies": { "@types/unist": "*" } }, "sha512-kGaNbPh1k7AFzgpud/gMdvIm5xuECykRR+JnWKQno9TAXVa6WIVCGTPvYGekIDL4uwCZQSYbUxNBSb1aUo79oA=="],

    "@types/mdurl": ["@types/mdurl@2.0.0", "", {}, "sha512-RGdgjQUZba5p6QEFAVx2OGb8rQDL/cPRG7GiedRzMcJ1tYnUANBncjbSB1NRGwbvjcPeikRABz2nshyPk1bhWg=="],

    "@types/node": ["@types/node@25.6.2", "", { "dependencies": { "undici-types": "~7.19.0" } }, "sha512-sokuT28dxf9JT5Kady1fsXOvI4HVpjZa95NKT5y9PNTIrs2AsobR4GFAA90ZG8M+nxVRLysCXsVj6eGC7Vbrlw=="],

    "@types/unist": ["@types/unist@3.0.3", "", {}, "sha512-ko/gIFJRv177XgZsZcBwnqJN5x/Gien8qNOn0D5bQU/zAzVf9Zt3BlcUiLqhV9y4ARk0GbT3tnUiPNgnTXzc/Q=="],

    "@ungap/structured-clone": ["@ungap/structured-clone@1.3.0", "", {}, "sha512-WmoN8qaIAo7WTYWbAZuG8PYEhn5fkz7dZrqTBZ7dtt//lL2Gwms1IcnQ5yHqjDfX8Ft5j4YzDM23f87zBfDe9g=="],

    "@web/config-loader": ["@web/config-loader@0.1.3", "", { "dependencies": { "semver": "^7.3.4" } }, "sha512-XVKH79pk4d3EHRhofete8eAnqto1e8mCRAqPV00KLNFzCWSe8sWmLnqKCqkPNARC6nksMaGrATnA5sPDRllMpQ=="],

    "@xn-sakina/rml-darwin-arm64": ["@xn-sakina/rml-darwin-arm64@2.8.0", "", { "os": "darwin", "cpu": "arm64" }, "sha512-B8XpWn/t3vALCePi8DnbHQWVQnmKybwPIKbfzL1L75w2V/ELXn0OguFayujf2eZdmCIBPC+Drqxztn6fDV08Ww=="],

    "@xn-sakina/rml-darwin-x64": ["@xn-sakina/rml-darwin-x64@2.8.0", "", { "os": "darwin", "cpu": "x64" }, "sha512-02UG6vhkzoTgQwkPJH8cnz7Pmqs0BChv4dq13pYqUtSSJr9BgPkSA5U8lXXmD76HpUOdN1ZH4K1jr2NOhwbPCw=="],

    "@xn-sakina/rml-linux-arm-gnueabihf": ["@xn-sakina/rml-linux-arm-gnueabihf@2.8.0", "", { "os": "linux", "cpu": "arm" }, "sha512-T2S2aGm7mcyIUxkMAni+ClgWp4G8zDe6eApQRNK77G6D/6m25YDrMn+YmVs3TJOA9Qi4RoNaztihni6+B+IOHQ=="],

    "@xn-sakina/rml-linux-arm64-gnu": ["@xn-sakina/rml-linux-arm64-gnu@2.8.0", "", { "os": "linux", "cpu": "arm64" }, "sha512-Vr9lz9vCXXDHaOzAChoxgPeCFn2vTLsZjmxJFBXXcUyN2ixoZacreHE2aro/XdOuX5yNClsIWsTrkZoBY3kAEw=="],

    "@xn-sakina/rml-linux-arm64-musl": ["@xn-sakina/rml-linux-arm64-musl@2.8.0", "", { "os": "linux", "cpu": "arm64" }, "sha512-GFDdj1+bzMwoyPhybM83f4aDrLLROYHVcC1+xHNa/zaRp/CI4j66fQwvw1YrTgs+Vk6ZLCm+HtKlA/BO8B9NjQ=="],

    "@xn-sakina/rml-linux-x64-gnu": ["@xn-sakina/rml-linux-x64-gnu@2.8.0", "", { "os": "linux", "cpu": "x64" }, "sha512-2Lha6vIfI5pdIE2Odqovs9KHuJT8S7ql313pYXhUjsxi+da965kLfK1xk0dWs9eo6aEFp4+9Ny+XIIjG2agDZw=="],

    "@xn-sakina/rml-linux-x64-musl": ["@xn-sakina/rml-linux-x64-musl@2.8.0", "", { "os": "linux", "cpu": "x64" }, "sha512-F2/JCzyqOEfFe62WbSf+4/rcK7pyjYpABGmopUJon5GSUVGXRVQOfkkqg6ceufw1ipQUCWsU3Cj0vmd0yvzkmg=="],

    "@xn-sakina/rml-win32-arm64-msvc": ["@xn-sakina/rml-win32-arm64-msvc@2.8.0", "", { "os": "win32", "cpu": "arm64" }, "sha512-ikmzMj9OwRMMtFmE7D4aSi1K1G8C350orJz9ngLTj39p7l0NQeXQfQ0SOah5RQSNWV00XJriJBzVHkWS701xeA=="],

    "@xn-sakina/rml-win32-x64-msvc": ["@xn-sakina/rml-win32-x64-msvc@2.8.0", "", { "os": "win32", "cpu": "x64" }, "sha512-xeyoBIfccb7prfiUVLv0K+1HlLT4vnDfXHSkLpsp4wI0LtYR7sYbiGaMVgNdgR2nDHC+W+65inUHvhY5m7pbnw=="],

    "@zeix/cause-effect": ["@zeix/cause-effect@1.3.2", "", { "peerDependencies": { "typescript": ">=5.8.0" } }, "sha512-eIlUlQ3OSCrLqIGT30qHTgqfRW9MeDT6fwHWjmP4RiWp1pnrBlV2bZVCT3kCp75slyQXBgTYymc2VJBfNeK5VA=="],

    "anymatch": ["anymatch@3.1.3", "", { "dependencies": { "normalize-path": "^3.0.0", "picomatch": "^2.0.4" } }, "sha512-KMReFUr0B4t+D+OBkjR3KYqvocp2XaSzO55UcB6mgQMd3KbcE+mWTyvVV7D/zsdEbNnV6acZUutkiHQXvTr1Rw=="],

    "argparse": ["argparse@2.0.1", "", {}, "sha512-8+9WqebbFzpX9OR+Wa6O29asIogeRMzcGtAINdpMHHyAg10f05aSFVBbcEqGf/PXw1EjAZ+q2/bEBg3DvurK3Q=="],

    "array-back": ["array-back@6.2.3", "", {}, "sha512-SGDvmg6QTYiTxCBkYVmThcoa67uLl35pyzRHdpCGBOcqFy6BtwnphoFPk7LhJshD+Yk1Kt35WGWeZPTgwR4Fhw=="],

    "array-union": ["array-union@2.1.0", "", {}, "sha512-HGyxoOTYUyCM6stUe6EJgnd4EoewAI7zMdfqO+kGjnlZmBDz/cR5pf8r/cR4Wq60sL/p0IkcjUEEPwS3GFrIyw=="],

    "balanced-match": ["balanced-match@4.0.4", "", {}, "sha512-BLrgEcRTwX2o6gGxGOCNyMvGSp35YofuYzw9h1IMTRmKqttAZZVU67bdb9Pr2vUHA8+j3i2tJfjO6C6+4myGTA=="],

    "binary-extensions": ["binary-extensions@2.3.0", "", {}, "sha512-Ceh+7ox5qe7LJuLHoY0feh3pHuUDHAcRUeyL2VYghZwfpkNIy/+8Ocg0a3UuSoYzavmylwuLWQOf3hl0jjMMIw=="],

    "brace-expansion": ["brace-expansion@5.0.5", "", { "dependencies": { "balanced-match": "^4.0.2" } }, "sha512-VZznLgtwhn+Mact9tfiwx64fA9erHH/MCXEUfB/0bX/6Fz6ny5EGTXYltMocqg4xFAQZtnO3DHWWXi8RiuN7cQ=="],

    "braces": ["braces@3.0.3", "", { "dependencies": { "fill-range": "^7.1.1" } }, "sha512-yQbXgO/OSZVD2IsiLlro+7Hf6Q18EJrKSEsdoMzKePKXct3gvD8oLcOQdIzGupr5Fj+EDe8gO/lxc1BzfMpxvA=="],

    "bun-types": ["bun-types@1.3.13", "", { "dependencies": { "@types/node": "*" } }, "sha512-QXKeHLlOLqQX9LgYaHJfzdBaV21T63HhFJnvuRCcjZiaUDpbs5ED1MgxbMra71CsryN/1dAoXuJJJwIv/2drVA=="],

    "ccount": ["ccount@2.0.1", "", {}, "sha512-eyrF0jiFpY+3drT6383f1qhkbGsLSifNAjA61IUjZjmLCWjItY6LB9ft9YhoDgwfmclB2zhu51Lc7+95b8NRAg=="],

    "character-entities-html4": ["character-entities-html4@2.1.0", "", {}, "sha512-1v7fgQRj6hnSwFpq1Eu0ynr/CDEw0rXo2B61qXrLNdHZmPKgb7fqS1a2JwF0rISo9q77jDI8VMEHoApn8qDoZA=="],

    "character-entities-legacy": ["character-entities-legacy@3.0.0", "", {}, "sha512-RpPp0asT/6ufRm//AJVwpViZbGM/MkjQFxJccQRHmISF/22NBtsHqAWmL+/pmkPWoIUJdWyeVleTl1wydHATVQ=="],

    "chokidar": ["chokidar@3.5.2", "", { "dependencies": { "anymatch": "~3.1.2", "braces": "~3.0.2", "glob-parent": "~5.1.2", "is-binary-path": "~2.1.0", "is-glob": "~4.0.1", "normalize-path": "~3.0.0", "readdirp": "~3.6.0" }, "optionalDependencies": { "fsevents": "~2.3.2" } }, "sha512-ekGhOnNVPgT77r4K/U3GDhu+FQ2S8TnK/s2KbIGXi0SZWuwkZ2QNyfWdZW+TVfn84DpEP7rLeCt2UI6bJ8GwbQ=="],

    "comma-separated-tokens": ["comma-separated-tokens@2.0.3", "", {}, "sha512-Fu4hJdvzeylCfQPp9SGWidpzrMs7tTrlu6Vb8XGaRGck8QSNZJJp538Wrb60Lax4fPwR64ViY468OIUTbRlGZg=="],

    "command-line-args": ["command-line-args@5.1.2", "", { "dependencies": { "array-back": "^6.1.2", "find-replace": "^3.0.0", "lodash.camelcase": "^4.3.0", "typical": "^4.0.0" } }, "sha512-fytTsbndLbl+pPWtS0CxLV3BEWw9wJayB8NnU2cbQqVPsNdYezQeT+uIQv009m+GShnMNyuoBrRo8DTmuTfSCA=="],

    "comment-parser": ["comment-parser@1.2.4", "", {}, "sha512-pm0b+qv+CkWNriSTMsfnjChF9kH0kxz55y44Wo5le9qLxMj5xDQAaEd9ZN1ovSuk9CsrncWaFwgpOMg7ClJwkw=="],

    "culori": ["culori@4.0.2", "", {}, "sha512-1+BhOB8ahCn4O0cep0Sh2l9KCOfOdY+BXJnKMHFFzDEouSr/el18QwXEMRlOj9UY5nCeA8UN3a/82rUWRBeyBw=="],

    "custom-elements-manifest": ["custom-elements-manifest@1.0.0", "", {}, "sha512-j59k0ExGCKA8T6Mzaq+7axc+KVHwpEphEERU7VZ99260npu/p/9kd+Db+I3cGKxHkM5y6q5gnlXn00mzRQkX2A=="],

    "debounce": ["debounce@1.2.1", "", {}, "sha512-XRRe6Glud4rd/ZGQfiV1ruXSfbvfJedlV9Y6zOlP+2K04vBYiJEte6stfFkCP03aMnY5tsipamumUjL14fofug=="],

    "dequal": ["dequal@2.0.3", "", {}, "sha512-0je+qPKHEMohvfRTCEo3CrPG6cAzAYgmzKyxRiYSSDkS6eGJdyVJm7WaYA5ECaAD9wLB2T4EEeymA5aFVcYXCA=="],

    "detect-libc": ["detect-libc@2.1.2", "", {}, "sha512-Btj2BOOO83o3WyH59e8MgXsxEQVcarkUOpEYrubB0urwnN10yQ364rsiByU11nZlqWYZm05i/of7io4mzihBtQ=="],

    "devlop": ["devlop@1.1.0", "", { "dependencies": { "dequal": "^2.0.0" } }, "sha512-RWmIqhcFf1lRYBvNmr7qTNuyCt/7/ns2jbpp1+PalgE/rDQcBT0fioSMUpJ93irlUhC5hrg4cYqe6U+0ImW0rA=="],

    "dir-glob": ["dir-glob@3.0.1", "", { "dependencies": { "path-type": "^4.0.0" } }, "sha512-WkrWp9GR4KXfKGYzOLmTuGVi1UWFfws377n9cc55/tb6DuqyF6pcQ5AbiHEshaDpY9v6oaSr2XCDidGmMwdzIA=="],

    "entities": ["entities@4.5.0", "", {}, "sha512-V0hjH4dGPh9Ao5p0MoRY6BVqtwCjhz6vI5LT8AJ55H+4g9/4vbHx1I54fS0XuclLhDHArPQCiMjDxjaL8fPxhw=="],

    "fast-glob": ["fast-glob@3.3.3", "", { "dependencies": { "@nodelib/fs.stat": "^2.0.2", "@nodelib/fs.walk": "^1.2.3", "glob-parent": "^5.1.2", "merge2": "^1.3.0", "micromatch": "^4.0.8" } }, "sha512-7MptL8U0cqcFdzIzwOTHoilX9x5BrNqye7Z/LuC7kCMRio1EMSyqRK3BEAUD7sXRq4iT4AzTVuZdhgQ2TCvYLg=="],

    "fastq": ["fastq@1.20.1", "", { "dependencies": { "reusify": "^1.0.4" } }, "sha512-GGToxJ/w1x32s/D2EKND7kTil4n8OVk/9mycTc4VDza13lOvpUZTGX3mFSCtV9ksdGBVzvsyAVLM6mHFThxXxw=="],

    "fill-range": ["fill-range@7.1.1", "", { "dependencies": { "to-regex-range": "^5.0.1" } }, "sha512-YsGpe3WHLK8ZYi4tWDg2Jy3ebRz2rXowDxnld4bkQB00cc/1Zw9AWnC0i9ztDJitivtQvaI9KaLyKrc+hBW0yg=="],

    "find-replace": ["find-replace@3.0.0", "", { "dependencies": { "array-back": "^3.0.1" } }, "sha512-6Tb2myMioCAgv5kfvP5/PkZZ/ntTpVK39fHY7WkWBgvbeE+VHd/tZuZ4mrC+bxh4cfOZeYKVPaJIZtZXV7GNCQ=="],

    "fsevents": ["fsevents@2.3.2", "", { "os": "darwin" }, "sha512-xiqMQR4xAeHTuB9uWm+fFRcIOgKBMiOBP+eXiyT7jsgVCq1bkVygt00oASowB7EdtpOHaaPgKt812P9ab+DDKA=="],

    "glob-parent": ["glob-parent@5.1.2", "", { "dependencies": { "is-glob": "^4.0.1" } }, "sha512-AOIgSQCepiJYwP3ARnGx+5VnTu2HBYdzbGP45eLw1vr3zB3vZLeyed1sC9hnbcOc9/SrMyM5RPQrkGz4aS9Zow=="],

    "globby": ["globby@11.0.4", "", { "dependencies": { "array-union": "^2.1.0", "dir-glob": "^3.0.1", "fast-glob": "^3.1.1", "ignore": "^5.1.4", "merge2": "^1.3.0", "slash": "^3.0.0" } }, "sha512-9O4MVG9ioZJ08ffbcyVYyLOJLk5JQ688pJ4eMGLpdWLHq/Wr1D9BlriLQyL0E+jbkuePVZXYFj47QM/v093wHg=="],

    "hast-util-to-html": ["hast-util-to-html@9.0.5", "", { "dependencies": { "@types/hast": "^3.0.0", "@types/unist": "^3.0.0", "ccount": "^2.0.0", "comma-separated-tokens": "^2.0.0", "hast-util-whitespace": "^3.0.0", "html-void-elements": "^3.0.0", "mdast-util-to-hast": "^13.0.0", "property-information": "^7.0.0", "space-separated-tokens": "^2.0.0", "stringify-entities": "^4.0.0", "zwitch": "^2.0.4" } }, "sha512-OguPdidb+fbHQSU4Q4ZiLKnzWo8Wwsf5bZfbvu7//a9oTYoqD/fWpe96NuHkoS9h0ccGOTe0C4NGXdtS0iObOw=="],

    "hast-util-whitespace": ["hast-util-whitespace@3.0.0", "", { "dependencies": { "@types/hast": "^3.0.0" } }, "sha512-88JUN06ipLwsnv+dVn+OIYOvAuvBMy/Qoi6O7mQHxdPXpjy+Cd6xRkWwux7DKO+4sYILtLBRIKgsdpS2gQc7qw=="],

    "html-void-elements": ["html-void-elements@3.0.0", "", {}, "sha512-bEqo66MRXsUGxWHV5IP0PUiAWwoEjba4VCzg0LjFJBpchPaTfyfCKTG6bc5F8ucKec3q5y6qOdGyYTSBEvhCrg=="],

    "ignore": ["ignore@5.3.2", "", {}, "sha512-hsBTNUqQTDwkWtcdYI2i06Y/nUBEsNEDJKjWdigLvegy8kDuJAS8uRlpkkcQpyEXL0Z/pjDy5HBmMjRCJ2gq+g=="],

    "is-binary-path": ["is-binary-path@2.1.0", "", { "dependencies": { "binary-extensions": "^2.0.0" } }, "sha512-ZMERYes6pDydyuGidse7OsHxtbI7WVeUEozgR/g7rd0xUimYNlvZRE/K2MgZTjWy725IfelLeVcEM97mmtRGXw=="],

    "is-extglob": ["is-extglob@2.1.1", "", {}, "sha512-SbKbANkN603Vi4jEZv49LeVJMn4yGwsbzZworEoyEiutsN3nJYdbO36zfhGJ6QEDpOZIFkDtnq5JRxmvl3jsoQ=="],

    "is-glob": ["is-glob@4.0.3", "", { "dependencies": { "is-extglob": "^2.1.1" } }, "sha512-xelSayHH36ZgE7ZWhli7pW34hNbNl8Ojv5KVmkJD4hBdD3th8Tfk9vYasLM+mXWOZhFkgZfxhLSnrwRr4elSSg=="],

    "is-number": ["is-number@7.0.0", "", {}, "sha512-41Cifkg6e8TylSpdtTpeLVMqvSBEVzTttHvERD741+pnZ8ANv0004MRL43QKPDlK9cGvNp6NZWZUBlbGXYxxng=="],

    "lightningcss-cli": ["lightningcss-cli@1.32.0", "", { "dependencies": { "detect-libc": "^2.0.3" }, "optionalDependencies": { "lightningcss-cli-android-arm64": "1.32.0", "lightningcss-cli-darwin-arm64": "1.32.0", "lightningcss-cli-darwin-x64": "1.32.0", "lightningcss-cli-freebsd-x64": "1.32.0", "lightningcss-cli-linux-arm-gnueabihf": "1.32.0", "lightningcss-cli-linux-arm64-gnu": "1.32.0", "lightningcss-cli-linux-arm64-musl": "1.32.0", "lightningcss-cli-linux-x64-gnu": "1.32.0", "lightningcss-cli-linux-x64-musl": "1.32.0", "lightningcss-cli-win32-arm64-msvc": "1.32.0", "lightningcss-cli-win32-x64-msvc": "1.32.0" }, "bin": { "lightningcss": "lightningcss" } }, "sha512-IFb/ChmSEbeWU3xeRybR6WFlJXCvfDS84//PUzLrRACgvoWrwRJBmcPS9azSo7LMh5QqEuyKanPBByhKM5z01Q=="],

    "lightningcss-cli-android-arm64": ["lightningcss-cli-android-arm64@1.32.0", "", { "os": "android", "cpu": "arm64" }, "sha512-4O3QY+VdgpBZLIq4crcKOEPVAXX0p7zDoykuTVstRtyolg9XU8CntdtbxcMPSC4SkzAuM/W4KsnPAzmv6Jb5LA=="],

    "lightningcss-cli-darwin-arm64": ["lightningcss-cli-darwin-arm64@1.32.0", "", { "os": "darwin", "cpu": "arm64" }, "sha512-Xx+zeD7bDKJZwbd1N63TJfIUHEtYspf+tqObdnQEJEvZAwmGfA4iEGrkCRT8R57tDRBDSXg3XHMDDvo/cq7gBQ=="],

    "lightningcss-cli-darwin-x64": ["lightningcss-cli-darwin-x64@1.32.0", "", { "os": "darwin", "cpu": "x64" }, "sha512-fYWANZ8RJDpI0tBcPQ7oBOYihfXmgDBHR4lZ6d4z7rcRLlZAOeI00mTO0IXAKfSm/UgnatjM4aBuNlLh8L9noA=="],

    "lightningcss-cli-freebsd-x64": ["lightningcss-cli-freebsd-x64@1.32.0", "", { "os": "freebsd", "cpu": "x64" }, "sha512-TJm7z1Ghvo9FKAza2KvfkFgH/9rcV1xAhCYQZlLrV0CiuTZ17uzLobBWb9oelGWUG+wTnEs6XEl4h/ve61YySg=="],

    "lightningcss-cli-linux-arm-gnueabihf": ["lightningcss-cli-linux-arm-gnueabihf@1.32.0", "", { "os": "linux", "cpu": "arm" }, "sha512-/jS9L5p3eexs5QJvARiDGxibz1umKJmmtff86fWXl3r7RbEUFrMAD4q1WhAR7DurRFgc1YWld6r0mX1YHEYttA=="],

    "lightningcss-cli-linux-arm64-gnu": ["lightningcss-cli-linux-arm64-gnu@1.32.0", "", { "os": "linux", "cpu": "arm64" }, "sha512-PSdjwcRtSrJpsaqnY3ebnCfDOJ5ePi8s/0ItL3CX1b1Eu0iy44xo7MjgES1ZOQ2ntOthPRqaGsbAiVBLbgFLYQ=="],

    "lightningcss-cli-linux-arm64-musl": ["lightningcss-cli-linux-arm64-musl@1.32.0", "", { "os": "linux", "cpu": "arm64" }, "sha512-t6DdpXFtEdonZHzRgH8cmqhC2o4tl0KrD33cDBBniJz5TmWS20MJxb4YEr4WqBLksqW8GE399HJo+g8/YVuKcA=="],

    "lightningcss-cli-linux-x64-gnu": ["lightningcss-cli-linux-x64-gnu@1.32.0", "", { "os": "linux", "cpu": "x64" }, "sha512-QMQllbHYkbkQ4N+v8OGExQlGHBc3YZIcKlVkYucQQj66thkFQsRjmv8p5q3iCB0inNsCoSZ8lBspugkU1iPlPg=="],

    "lightningcss-cli-linux-x64-musl": ["lightningcss-cli-linux-x64-musl@1.32.0", "", { "os": "linux", "cpu": "x64" }, "sha512-dMSWdk4kMAi5f+J1xetxRCDQOvPix2whT0UdjuwP8r/5Xcdl2SQU/c80MQzu1S82kVDEANs1vHVEHp/+26LUnA=="],

    "lightningcss-cli-win32-arm64-msvc": ["lightningcss-cli-win32-arm64-msvc@1.32.0", "", { "os": "win32", "cpu": "arm64" }, "sha512-MJo22OqSp9FLV10nTRDJQhP6zkEBFqBFQe9mnjfCs+G1Ft+QimIPmC+gBqZHFXveOBOsjFLzU72q0FPvRWFmZQ=="],

    "lightningcss-cli-win32-x64-msvc": ["lightningcss-cli-win32-x64-msvc@1.32.0", "", { "os": "win32", "cpu": "x64" }, "sha512-nOBHLPeePXZpGR4Ptp+gkOIkr9pxlq2dFmO954ol5zBi/iOKxuD1hUTIQ7aG+ldKIx4eH9jwoTfZ6owUkm1paA=="],

    "linkify-it": ["linkify-it@5.0.0", "", { "dependencies": { "uc.micro": "^2.0.0" } }, "sha512-5aHCbzQRADcdP+ATqnDuhhJ/MRIqDkZX5pyjFHRRysS8vZ5AbqGEoFIb6pYHPZ+L/OC2Lc+xT8uHVVR5CAK/wQ=="],

    "lodash.camelcase": ["lodash.camelcase@4.3.0", "", {}, "sha512-TwuEnCnxbc3rAvhf/LbG7tJUDzhqXyFnv3dtzLOPgCG/hODL7WFnsbwktkD7yUV0RrreP/l1PALq/YSg6VvjlA=="],

    "lunr": ["lunr@2.3.9", "", {}, "sha512-zTU3DaZaF3Rt9rhN3uBMGQD3dD2/vFQqnvZCDv4dl5iOzq2IZQqTxu90r4E5J+nP70J3ilqVCrbho2eWaeW8Ow=="],

    "markdown-it": ["markdown-it@14.1.1", "", { "dependencies": { "argparse": "^2.0.1", "entities": "^4.4.0", "linkify-it": "^5.0.0", "mdurl": "^2.0.0", "punycode.js": "^2.3.1", "uc.micro": "^2.1.0" }, "bin": { "markdown-it": "bin/markdown-it.mjs" } }, "sha512-BuU2qnTti9YKgK5N+IeMubp14ZUKUUw7yeJbkjtosvHiP0AZ5c8IAgEMk79D0eC8F23r4Ac/q8cAIFdm2FtyoA=="],

    "mdast-util-to-hast": ["mdast-util-to-hast@13.2.1", "", { "dependencies": { "@types/hast": "^3.0.0", "@types/mdast": "^4.0.0", "@ungap/structured-clone": "^1.0.0", "devlop": "^1.0.0", "micromark-util-sanitize-uri": "^2.0.0", "trim-lines": "^3.0.0", "unist-util-position": "^5.0.0", "unist-util-visit": "^5.0.0", "vfile": "^6.0.0" } }, "sha512-cctsq2wp5vTsLIcaymblUriiTcZd0CwWtCbLvrOzYCDZoWyMNV8sZ7krj09FSnsiJi3WVsHLM4k6Dq/yaPyCXA=="],

    "mdurl": ["mdurl@2.0.0", "", {}, "sha512-Lf+9+2r+Tdp5wXDXC4PcIBjTDtq4UKjCPMQhKIuzpJNW0b96kVqSwW0bT7FhRSfmAiFYgP+SCRvdrDozfh0U5w=="],

    "merge2": ["merge2@1.4.1", "", {}, "sha512-8q7VEgMJW4J8tcfVPy8g09NcQwZdbwFEqhe/WZkoIzjn/3TGDwtOCYtXGxA3O8tPzpczCCDgv+P2P5y00ZJOOg=="],

    "micromark-util-character": ["micromark-util-character@2.1.1", "", { "dependencies": { "micromark-util-symbol": "^2.0.0", "micromark-util-types": "^2.0.0" } }, "sha512-wv8tdUTJ3thSFFFJKtpYKOYiGP2+v96Hvk4Tu8KpCAsTMs6yi+nVmGh1syvSCsaxz45J6Jbw+9DD6g97+NV67Q=="],

    "micromark-util-encode": ["micromark-util-encode@2.0.1", "", {}, "sha512-c3cVx2y4KqUnwopcO9b/SCdo2O67LwJJ/UyqGfbigahfegL9myoEFoDYZgkT7f36T0bLrM9hZTAaAyH+PCAXjw=="],

    "micromark-util-sanitize-uri": ["micromark-util-sanitize-uri@2.0.1", "", { "dependencies": { "micromark-util-character": "^2.0.0", "micromark-util-encode": "^2.0.0", "micromark-util-symbol": "^2.0.0" } }, "sha512-9N9IomZ/YuGGZZmQec1MbgxtlgougxTodVwDzzEouPKo3qFWvymFHWcnDi2vzV1ff6kas9ucW+o3yzJK9YB1AQ=="],

    "micromark-util-symbol": ["micromark-util-symbol@2.0.1", "", {}, "sha512-vs5t8Apaud9N28kgCrRUdEed4UJ+wWNvicHLPxCa9ENlYuAY31M0ETy5y1vA33YoNPDFTghEbnh6efaE8h4x0Q=="],

    "micromark-util-types": ["micromark-util-types@2.0.2", "", {}, "sha512-Yw0ECSpJoViF1qTU4DC6NwtC4aWGt1EkzaQB8KPPyCRR8z9TWeV0HbEFGTO+ZY1wB22zmxnJqhPyTpOVCpeHTA=="],

    "micromatch": ["micromatch@4.0.8", "", { "dependencies": { "braces": "^3.0.3", "picomatch": "^2.3.1" } }, "sha512-PXwfBhYu0hBCPw8Dn0E+WDYb7af3dSLVWKi3HGv84IdF4TyFoC0ysxFd0Goxw7nSv4T/PzEJQxsYsEiFCKo2BA=="],

    "minimatch": ["minimatch@10.2.5", "", { "dependencies": { "brace-expansion": "^5.0.5" } }, "sha512-MULkVLfKGYDFYejP07QOurDLLQpcjk7Fw+7jXS2R2czRQzR56yHRveU5NDJEOviH+hETZKSkIk5c+T23GjFUMg=="],

    "normalize-path": ["normalize-path@3.0.0", "", {}, "sha512-6eZs5Ls3WtCisHWp9S2GUy8dqkpGi4BVSz3GaqiE6ezub0512ESztXUwUB6C6IKbQkY2Pnb/mD4WYojCRwcwLA=="],

    "oniguruma-parser": ["oniguruma-parser@0.12.1", "", {}, "sha512-8Unqkvk1RYc6yq2WBYRj4hdnsAxVze8i7iPfQr8e4uSP3tRv0rpZcbGUDvxfQQcdwHt/e9PrMvGCsa8OqG9X3w=="],

    "oniguruma-to-es": ["oniguruma-to-es@4.3.4", "", { "dependencies": { "oniguruma-parser": "^0.12.1", "regex": "^6.0.1", "regex-recursion": "^6.0.2" } }, "sha512-3VhUGN3w2eYxnTzHn+ikMI+fp/96KoRSVK9/kMTcFqj1NRDh2IhQCKvYxDnWePKRXY/AqH+Fuiyb7VHSzBjHfA=="],

    "oxc-resolver": ["oxc-resolver@11.19.1", "", { "optionalDependencies": { "@oxc-resolver/binding-android-arm-eabi": "11.19.1", "@oxc-resolver/binding-android-arm64": "11.19.1", "@oxc-resolver/binding-darwin-arm64": "11.19.1", "@oxc-resolver/binding-darwin-x64": "11.19.1", "@oxc-resolver/binding-freebsd-x64": "11.19.1", "@oxc-resolver/binding-linux-arm-gnueabihf": "11.19.1", "@oxc-resolver/binding-linux-arm-musleabihf": "11.19.1", "@oxc-resolver/binding-linux-arm64-gnu": "11.19.1", "@oxc-resolver/binding-linux-arm64-musl": "11.19.1", "@oxc-resolver/binding-linux-ppc64-gnu": "11.19.1", "@oxc-resolver/binding-linux-riscv64-gnu": "11.19.1", "@oxc-resolver/binding-linux-riscv64-musl": "11.19.1", "@oxc-resolver/binding-linux-s390x-gnu": "11.19.1", "@oxc-resolver/binding-linux-x64-gnu": "11.19.1", "@oxc-resolver/binding-linux-x64-musl": "11.19.1", "@oxc-resolver/binding-openharmony-arm64": "11.19.1", "@oxc-resolver/binding-wasm32-wasi": "11.19.1", "@oxc-resolver/binding-win32-arm64-msvc": "11.19.1", "@oxc-resolver/binding-win32-ia32-msvc": "11.19.1", "@oxc-resolver/binding-win32-x64-msvc": "11.19.1" } }, "sha512-qE/CIg/spwrTBFt5aKmwe3ifeDdLfA2NESN30E42X/lII5ClF8V7Wt6WIJhcGZjp0/Q+nQ+9vgxGk//xZNX2hg=="],

    "path-type": ["path-type@4.0.0", "", {}, "sha512-gDKb8aZMDeD/tZWs9P6+q0J9Mwkdl6xMV8TjnGP3qJVJ06bdMgkbBlLU8IdfOsIsFz2BW1rNVT3XuNEl8zPAvw=="],

    "picomatch": ["picomatch@2.3.2", "", {}, "sha512-V7+vQEJ06Z+c5tSye8S+nHUfI51xoXIXjHQ99cQtKUkQqqO1kO/KCJUfZXuB47h/YBlDhah2H3hdUGXn8ie0oA=="],

    "playwright": ["playwright@1.59.1", "", { "dependencies": { "playwright-core": "1.59.1" }, "optionalDependencies": { "fsevents": "2.3.2" }, "bin": { "playwright": "cli.js" } }, "sha512-C8oWjPR3F81yljW9o5OxcWzfh6avkVwDD2VYdwIGqTkl+OGFISgypqzfu7dOe4QNLL2aqcWBmI3PMtLIK233lw=="],

    "playwright-core": ["playwright-core@1.59.1", "", { "bin": { "playwright-core": "cli.js" } }, "sha512-HBV/RJg81z5BiiZ9yPzIiClYV/QMsDCKUyogwH9p3MCP6IYjUFu/MActgYAvK0oWyV9NlwM3GLBjADyWgydVyg=="],

    "property-information": ["property-information@7.1.0", "", {}, "sha512-TwEZ+X+yCJmYfL7TPUOcvBZ4QfoT5YenQiJuX//0th53DE6w0xxLEtfK3iyryQFddXuvkIk51EEgrJQ0WJkOmQ=="],

    "punycode.js": ["punycode.js@2.3.1", "", {}, "sha512-uxFIHU0YlHYhDQtV4R9J6a52SLx28BCjT+4ieh7IGbgwVJWO+km431c4yRlREUAsAmt/uMjQUyQHNEPf0M39CA=="],

    "queue-microtask": ["queue-microtask@1.2.3", "", {}, "sha512-NuaNSa6flKT5JaSYQzJok04JzTL1CA6aGhv5rfLW3PgqA+M2ChpZQnAC8h8i4ZFkBS8X5RqkDBHA7r4hej3K9A=="],

    "readdirp": ["readdirp@3.6.0", "", { "dependencies": { "picomatch": "^2.2.1" } }, "sha512-hOS089on8RduqdbhvQ5Z37A0ESjsqz6qnRcffsMU3495FuTdqSm+7bhJ29JvIOsBDEEnan5DPu9t3To9VRlMzA=="],

    "regex": ["regex@6.1.0", "", { "dependencies": { "regex-utilities": "^2.3.0" } }, "sha512-6VwtthbV4o/7+OaAF9I5L5V3llLEsoPyq9P1JVXkedTP33c7MfCG0/5NOPcSJn0TzXcG9YUrR0gQSWioew3LDg=="],

    "regex-recursion": ["regex-recursion@6.0.2", "", { "dependencies": { "regex-utilities": "^2.3.0" } }, "sha512-0YCaSCq2VRIebiaUviZNs0cBz1kg5kVS2UKUfNIx8YVs1cN3AV7NTctO5FOKBA+UT2BPJIWZauYHPqJODG50cg=="],

    "regex-utilities": ["regex-utilities@2.3.0", "", {}, "sha512-8VhliFJAWRaUiVvREIiW2NXXTmHs4vMNnSzuJVhscgmGav3g9VDxLrQndI3dZZVVdp0ZO/5v0xmX516/7M9cng=="],

    "reusify": ["reusify@1.1.0", "", {}, "sha512-g6QUff04oZpHs0eG5p83rFLhHeV00ug/Yf9nZM6fLeUrPguBTkTQOdpAWWspMh55TZfVQDPaN3NQJfbVRAxdIw=="],

    "rs-module-lexer": ["rs-module-lexer@2.8.0", "", { "optionalDependencies": { "@xn-sakina/rml-darwin-arm64": "2.8.0", "@xn-sakina/rml-darwin-x64": "2.8.0", "@xn-sakina/rml-linux-arm-gnueabihf": "2.8.0", "@xn-sakina/rml-linux-arm64-gnu": "2.8.0", "@xn-sakina/rml-linux-arm64-musl": "2.8.0", "@xn-sakina/rml-linux-x64-gnu": "2.8.0", "@xn-sakina/rml-linux-x64-musl": "2.8.0", "@xn-sakina/rml-win32-arm64-msvc": "2.8.0", "@xn-sakina/rml-win32-x64-msvc": "2.8.0" } }, "sha512-/KvawAdE1TpykHA2mJwKcqqcgPj0Rqn0Dj7qqClHOTat17yZSmWFtE0eLmpzMnHQrQbPk0hY1e9ppK+3o3M0Uw=="],

    "run-parallel": ["run-parallel@1.2.0", "", { "dependencies": { "queue-microtask": "^1.2.2" } }, "sha512-5l4VyZR86LZ/lDxZTR6jqL8AFE2S0IFLMP26AbjsLVADxHdhB/c0GUsH+y39UfCi3dzz8OlQuPmnaJOMoDHQBA=="],

    "semver": ["semver@7.8.0", "", { "bin": { "semver": "bin/semver.js" } }, "sha512-AcM7dV/5ul4EekoQ29Agm5vri8JNqRyj39o0qpX6vDF2GZrtutZl5RwgD1XnZjiTAfncsJhMI48QQH3sN87YNA=="],

    "shiki": ["shiki@4.0.2", "", { "dependencies": { "@shikijs/core": "4.0.2", "@shikijs/engine-javascript": "4.0.2", "@shikijs/engine-oniguruma": "4.0.2", "@shikijs/langs": "4.0.2", "@shikijs/themes": "4.0.2", "@shikijs/types": "4.0.2", "@shikijs/vscode-textmate": "^10.0.2", "@types/hast": "^3.0.4" } }, "sha512-eAVKTMedR5ckPo4xne/PjYQYrU3qx78gtJZ+sHlXEg5IHhhoQhMfZVzetTYuaJS0L2Ef3AcCRzCHV8T0WI6nIQ=="],

    "slash": ["slash@3.0.0", "", {}, "sha512-g9Q1haeby36OSStwb4ntCGGGaKsaVSjQ68fBxoQcutl5fS1vuY18H3wSt3jFyFtrkx+Kz0V1G85A4MyAdDMi2Q=="],

    "space-separated-tokens": ["space-separated-tokens@2.0.2", "", {}, "sha512-PEGlAwrG8yXGXRjW32fGbg66JAlOAwbObuqVoJpv/mRgoWDQfgH1wDPvtzWyUSNAXBGSk8h755YDbbcEy3SH2Q=="],

    "stringify-entities": ["stringify-entities@4.0.4", "", { "dependencies": { "character-entities-html4": "^2.0.0", "character-entities-legacy": "^3.0.0" } }, "sha512-IwfBptatlO+QCJUo19AqvrPNqlVMpW9YEL2LIVY+Rpv2qsjCGxaDLNRgeGsQWJhfItebuJhsGSLjaBbNSQ+ieg=="],

    "to-regex-range": ["to-regex-range@5.0.1", "", { "dependencies": { "is-number": "^7.0.0" } }, "sha512-65P7iz6X5yEr1cwcgvQxbbIw7Uk3gOy5dIdtZ4rDveLqhrdJP+Li/Hx6tyK0NEb+2GCyneCMJiGqrADCSNk8sQ=="],

    "trim-lines": ["trim-lines@3.0.1", "", {}, "sha512-kRj8B+YHZCc9kQYdWfJB2/oUl9rA99qbowYYBtr4ui4mZyAQ2JpvVBd/6U2YloATfqBhBTSMhTpgBHtU0Mf3Rg=="],

    "tslib": ["tslib@2.8.1", "", {}, "sha512-oJFu94HQb+KVduSUQL7wnpmqnfmLsOA/nAh6b6EH0wCEoK0/mPeXU6c3wKDV83MkOuHPRHtSXKKU99IBazS/2w=="],

    "typedoc": ["typedoc@0.28.19", "", { "dependencies": { "@gerrit0/mini-shiki": "^3.23.0", "lunr": "^2.3.9", "markdown-it": "^14.1.1", "minimatch": "^10.2.5", "yaml": "^2.8.3" }, "peerDependencies": { "typescript": "5.0.x || 5.1.x || 5.2.x || 5.3.x || 5.4.x || 5.5.x || 5.6.x || 5.7.x || 5.8.x || 5.9.x || 6.0.x" }, "bin": { "typedoc": "bin/typedoc" } }, "sha512-wKh+lhdmMFivMlc6vRRcMGXeGEHGU2g8a2CkPTJjJlwRf1iXbimWIPcFolCqe4E0d/FRtGszpIrsp3WLpDB8Pw=="],

    "typedoc-plugin-markdown": ["typedoc-plugin-markdown@4.11.0", "", { "peerDependencies": { "typedoc": "0.28.x" } }, "sha512-2iunh2ALyfyh204OF7h2u0kuQ84xB3jFZtFyUr01nThJkLvR8oGGSSDlyt2gyO4kXhvUxDcVbO0y43+qX+wFbw=="],

    "typescript": ["typescript@6.0.2", "", { "bin": { "tsc": "bin/tsc", "tsserver": "bin/tsserver" } }, "sha512-bGdAIrZ0wiGDo5l8c++HWtbaNCWTS4UTv7RaTH/ThVIgjkveJt83m74bBHMJkuCbslY8ixgLBVZJIOiQlQTjfQ=="],

    "typical": ["typical@4.0.0", "", {}, "sha512-VAH4IvQ7BDFYglMd7BPRDfLgxZZX4O4TFcRDA6EN5X7erNJJq+McIEp8np9aVtxrCJ6qx4GTYVfOWNjcqwZgRw=="],

    "uc.micro": ["uc.micro@2.1.0", "", {}, "sha512-ARDJmphmdvUk6Glw7y9DQ2bFkKBHwQHLi2lsaH6PPmz/Ka9sFOBsBluozhDltWmnv9u/cF6Rt87znRTPV+yp/A=="],

    "undici-types": ["undici-types@7.19.2", "", {}, "sha512-qYVnV5OEm2AW8cJMCpdV20CDyaN3g0AjDlOGf1OW4iaDEx8MwdtChUp4zu4H0VP3nDRF/8RKWH+IPp9uW0YGZg=="],

    "unist-util-is": ["unist-util-is@6.0.1", "", { "dependencies": { "@types/unist": "^3.0.0" } }, "sha512-LsiILbtBETkDz8I9p1dQ0uyRUWuaQzd/cuEeS1hoRSyW5E5XGmTzlwY1OrNzzakGowI9Dr/I8HVaw4hTtnxy8g=="],

    "unist-util-position": ["unist-util-position@5.0.0", "", { "dependencies": { "@types/unist": "^3.0.0" } }, "sha512-fucsC7HjXvkB5R3kTCO7kUjRdrS0BJt3M/FPxmHMBOm8JQi2BsHAHFsy27E0EolP8rp0NzXsJ+jNPyDWvOJZPA=="],

    "unist-util-stringify-position": ["unist-util-stringify-position@4.0.0", "", { "dependencies": { "@types/unist": "^3.0.0" } }, "sha512-0ASV06AAoKCDkS2+xw5RXJywruurpbC4JZSm7nr7MOt1ojAzvyyaO+UxZf18j8FCF6kmzCZKcAgN/yu2gm2XgQ=="],

    "unist-util-visit": ["unist-util-visit@5.0.0", "", { "dependencies": { "@types/unist": "^3.0.0", "unist-util-is": "^6.0.0", "unist-util-visit-parents": "^6.0.0" } }, "sha512-MR04uvD+07cwl/yhVuVWAtw+3GOR/knlL55Nd/wAdblk27GCVt3lqpTivy/tkJcZoNPzTwS1Y+KMojlLDhoTzg=="],

    "unist-util-visit-parents": ["unist-util-visit-parents@6.0.2", "", { "dependencies": { "@types/unist": "^3.0.0", "unist-util-is": "^6.0.0" } }, "sha512-goh1s1TBrqSqukSc8wrjwWhL0hiJxgA8m4kFxGlQ+8FYQ3C/m11FcTs4YYem7V664AhHVvgoQLk890Ssdsr2IQ=="],

    "vfile": ["vfile@6.0.3", "", { "dependencies": { "@types/unist": "^3.0.0", "vfile-message": "^4.0.0" } }, "sha512-KzIbH/9tXat2u30jf+smMwFCsno4wHVdNmzFyL+T/L3UGqqk6JKfVqOFOZEpZSHADH1k40ab6NUIXZq422ov3Q=="],

    "vfile-message": ["vfile-message@4.0.3", "", { "dependencies": { "@types/unist": "^3.0.0", "unist-util-stringify-position": "^4.0.0" } }, "sha512-QTHzsGd1EhbZs4AsQ20JX1rC3cOlt/IWJruk893DfLRr57lcnOeMaWG4K0JrRta4mIJZKth2Au3mM3u03/JWKw=="],

    "yaml": ["yaml@2.8.3", "", { "bin": { "yaml": "bin.mjs" } }, "sha512-AvbaCLOO2Otw/lW5bmh9d/WEdcDFdQp2Z2ZUH3pX9U2ihyUY0nvLv7J6TrWowklRGPYbB/IuIMfYgxaCPg5Bpg=="],

    "zwitch": ["zwitch@2.0.4", "", {}, "sha512-bXE4cR/kVZhKZX/RjPEflHaKVhUVl85noU3v6b8apfQEc1x4A+zBxjZ4lN8LqGd6WZ3dl98pY4o717VFmoPp+A=="],

    "@custom-elements-manifest/analyzer/typescript": ["typescript@5.4.5", "", { "bin": { "tsc": "bin/tsc", "tsserver": "bin/tsserver" } }, "sha512-vcI4UpRgg81oIRUFwR0WSIHKt11nJ7SAVlYNIu+QpqeyXP+gpQJy/Z4+F0aGxSE4MqwjyXvW/TzgkLAx2AGHwQ=="],

    "@gerrit0/mini-shiki/@shikijs/engine-oniguruma": ["@shikijs/engine-oniguruma@3.23.0", "", { "dependencies": { "@shikijs/types": "3.23.0", "@shikijs/vscode-textmate": "^10.0.2" } }, "sha512-1nWINwKXxKKLqPibT5f4pAFLej9oZzQTsby8942OTlsJzOBZ0MWKiwzMsd+jhzu8YPCHAswGnnN1YtQfirL35g=="],

    "@gerrit0/mini-shiki/@shikijs/langs": ["@shikijs/langs@3.23.0", "", { "dependencies": { "@shikijs/types": "3.23.0" } }, "sha512-2Ep4W3Re5aB1/62RSYQInK9mM3HsLeB91cHqznAJMuylqjzNVAVCMnNWRHFtcNHXsoNRayP9z1qj4Sq3nMqYXg=="],

    "@gerrit0/mini-shiki/@shikijs/themes": ["@shikijs/themes@3.23.0", "", { "dependencies": { "@shikijs/types": "3.23.0" } }, "sha512-5qySYa1ZgAT18HR/ypENL9cUSGOeI2x+4IvYJu4JgVJdizn6kG4ia5Q1jDEOi7gTbN4RbuYtmHh0W3eccOrjMA=="],

    "@gerrit0/mini-shiki/@shikijs/types": ["@shikijs/types@3.23.0", "", { "dependencies": { "@shikijs/vscode-textmate": "^10.0.2", "@types/hast": "^3.0.4" } }, "sha512-3JZ5HXOZfYjsYSk0yPwBrkupyYSLpAE26Qc0HLghhZNGTZg/SKxXIIgoxOpmmeQP0RRSDJTk1/vPfw9tbw+jSQ=="],

    "bun-types/@types/node": ["@types/node@25.6.0", "", { "dependencies": { "undici-types": "~7.19.0" } }, "sha512-+qIYRKdNYJwY3vRCZMdJbPLJAtGjQBudzZzdzwQYkEPQd+PJGixUL5QfvCLDaULoLv+RhT3LDkwEfKaAkgSmNQ=="],

    "find-replace/array-back": ["array-back@3.1.0", "", {}, "sha512-TkuxA4UCOvxuDK6NZYXCalszEzj+TLszyASooky+i742l9TqsOdYCMJJupxRic61hwquNtppB3hgcuq9SVSH1Q=="],
  }
}
