{
  "lockfileVersion": 1,
  "configVersion": 1,
  "workspaces": {
    "": {
      "name": "tsrx-phase0-spike",
      "devDependencies": {
        "@tsrx/core": "0.1.60",
      },
    },
  },
  "packages": {
    "@jridgewell/sourcemap-codec": ["@jridgewell/sourcemap-codec@1.5.5", "", {}, "sha512-cYQ9310grqxueWbl+WuIUIaiUaDcj7WOq5fVhEljNVgRfOUhY9fy2zTvfoqWsnebh8Sl70VScFbICvJnLKB0Og=="],

    "@noble/hashes": ["@noble/hashes@2.3.0", "", {}, "sha512-oN+QwyX7VSHotibwubG3kpzbwKrfnyR6OOO+3Nk/53ADL7FmgHHz4TgrbaYKvvOw09u6QTx0oiH1cNCIOuN0CQ=="],

    "@sveltejs/acorn-typescript": ["@sveltejs/acorn-typescript@1.0.13", "", { "peerDependencies": { "acorn": "^8.9.0" } }, "sha512-wgKggnhZVL9Bfx1OaKKTrYY9BFRk6C8UAkQNUcIv1+llzYrIqy+RZm5HPKzn0NpEBvTVhTqB4kQyllZywsRBRQ=="],

    "@tsrx/core": ["@tsrx/core@0.1.60", "", { "dependencies": { "@jridgewell/sourcemap-codec": "^1.5.5", "@noble/hashes": "^2.2.0", "@sveltejs/acorn-typescript": "^1.0.13", "@tsrx/runtime": "0.1.1", "@types/estree": "^1.0.8", "@types/estree-jsx": "^1.0.5", "acorn": "^8.17.0", "esrap": "^2.3.2", "is-reference": "^3.0.3", "magic-string": "^0.30.18", "zimmerframe": "^1.1.2" } }, "sha512-t/lb8wWrJUsiwGTz3NI2GqF5be9kojmemfur6SdJqhbrMccx8TkHtZh6N8mE9gh2PTiGPuNf6HTZIomOpamA7Q=="],

    "@tsrx/runtime": ["@tsrx/runtime@0.1.1", "", {}, "sha512-R7n2forc2XQvqCYpYMqGij1tCwoPILBubRczQ2Kbjj3d6naiseEq6qfMmljEkKp14ERYHstx7ISrw2wY7Ml0DA=="],

    "@types/estree": ["@types/estree@1.0.9", "", {}, "sha512-GhdPgy1el4/ImP05X05Uw4cw2/M93BCUmnEvWZNStlCzEKME4Fkk+YpoA5OiHNQmoS7Cafb8Xa3Pya8m1Qrzeg=="],

    "@types/estree-jsx": ["@types/estree-jsx@1.0.5", "", { "dependencies": { "@types/estree": "*" } }, "sha512-52CcUVNFyfb1A2ALocQw/Dd1BQFNmSdkuC3BkZ6iqhdMfQz7JWOFRuJFloOzjk+6WijU56m9oKXFAXc7o3Towg=="],

    "acorn": ["acorn@8.18.0", "", { "bin": { "acorn": "bin/acorn" } }, "sha512-lGq+9yr1/GuAWaVYIHRjvvySG5/4VfKIvC8EWxStPdcDh/Ka7FG3twP6v4d5BkravUilhIAsG4Qj83t02LWUPQ=="],

    "esrap": ["esrap@2.3.6", "", { "dependencies": { "@jridgewell/sourcemap-codec": "^1.4.15" }, "peerDependencies": { "@typescript-eslint/types": "^8.2.0" }, "optionalPeers": ["@typescript-eslint/types"] }, "sha512-yc0OC12UjPqLoc+fe+v5GNs4TOjAigUw3sTikfC+xeBPGUw7gDRz3DtYaqEhxyMVJojcSWJw7jT0QWR+CbuE/A=="],

    "is-reference": ["is-reference@3.0.3", "", { "dependencies": { "@types/estree": "^1.0.6" } }, "sha512-ixkJoqQvAP88E6wLydLGGqCJsrFUnqoH6HnaczB8XmDH1oaWU+xxdptvikTgaEhtZ53Ky6YXiBuUI2WXLMCwjw=="],

    "magic-string": ["magic-string@0.30.21", "", { "dependencies": { "@jridgewell/sourcemap-codec": "^1.5.5" } }, "sha512-vd2F4YUyEXKGcLHoq+TEyCjxueSeHnFxyyjNp80yg0XV4vUhnDer/lvvlqM/arB5bXQN5K2/3oinyCRyx8T2CQ=="],

    "zimmerframe": ["zimmerframe@1.1.4", "", {}, "sha512-B58NGBEoc8Y9MWWCQGl/gq9xBCe4IiKM0a2x7GZdQKOW5Exr8S1W24J6OgM1njK8xCRGvAJIL/MxXHf6SkmQKQ=="],
  }
}
